// !$*UTF8*$!
{
	archiveVersion = 1;
	classes = {
	};
	objectVersion = 56;
	objects = {

/* Begin PBXBuildFile section */
		32BBAA872A45823D00317471 /* AppDelegate.swift in Sources */ = {isa = PBXBuildFile; fileRef = 32BBAA862A45823D00317471 /* AppDelegate.swift */; };
		32BBAA892A45823D00317471 /* SceneDelegate.swift in Sources */ = {isa = PBXBuildFile; fileRef = 32BBAA882A45823D00317471 /* SceneDelegate.swift */; };
		32BBAA8B2A45823D00317471 /* ViewController.swift in Sources */ = {isa = PBXBuildFile; fileRef = 32BBAA8A2A45823D00317471 /* ViewController.swift */; };
		32BBAA8E2A45823D00317471 /* Main.storyboard in Resources */ = {isa = PBXBuildFile; fileRef = 32BBAA8C2A45823D00317471 /* Main.storyboard */; };
		32BBAA912A45823D00317471 /* CoreData_Save_And_Retrieve.xcdatamodeld in Sources */ = {isa = PBXBuildFile; fileRef = 32BBAA8F2A45823D00317471 /* CoreData_Save_And_Retrieve.xcdatamodeld */; };
		32BBAA932A45824000317471 /* Assets.xcassets in Resources */ = {isa = PBXBuildFile; fileRef = 32BBAA922A45824000317471 /* Assets.xcassets */; };
		32BBAA962A45824000317471 /* LaunchScreen.storyboard in Resources */ = {isa = PBXBuildFile; fileRef = 32BBAA942A45824000317471 /* LaunchScreen.storyboard */; };
		32BBAA9F2A45831B00317471 /* ChildrenData+CoreDataClass.swift in Sources */ = {isa = PBXBuildFile; fileRef = 32BBAA9D2A45831B00317471 /* ChildrenData+CoreDataClass.swift */; };
		32BBAAA02A45831B00317471 /* ChildrenData+CoreDataProperties.swift in Sources */ = {isa = PBXBuildFile; fileRef = 32BBAA9E2A45831B00317471 /* ChildrenData+CoreDataProperties.swift */; };
/* End PBXBuildFile section */

/* Begin PBXFileReference section */
		32BBAA832A45823D00317471 /* CoreData Save And Retrieve.app */ = {isa = PBXFileReference; explicitFileType = wrapper.application; includeInIndex = 0; path = "CoreData Save And Retrieve.app"; sourceTree = BUILT_PRODUCTS_DIR; };
		32BBAA862A45823D00317471 /* AppDelegate.swift */ = {isa = PBXFileReference; lastKnownFileType = sourcecode.swift; path = AppDelegate.swift; sourceTree = "<group>"; };
		32BBAA882A45823D00317471 /* SceneDelegate.swift */ = {isa = PBXFileReference; lastKnownFileType = sourcecode.swift; path = SceneDelegate.swift; sourceTree = "<group>"; };
		32BBAA8A2A45823D00317471 /* ViewController.swift */ = {isa = PBXFileReference; lastKnownFileType = sourcecode.swift; path = ViewController.swift; sourceTree = "<group>"; };
		32BBAA8D2A45823D00317471 /* Base */ = {isa = PBXFileReference; lastKnownFileType = file.storyboard; name = Base; path = Base.lproj/Main.storyboard; sourceTree = "<group>"; };
		32BBAA902A45823D00317471 /* CoreData_Save_And_Retrieve.xcdatamodel */ = {isa = PBXFileReference; lastKnownFileType = wrapper.xcdatamodel; path = CoreData_Save_And_Retrieve.xcdatamodel; sourceTree = "<group>"; };
		32BBAA922A45824000317471 /* Assets.xcassets */ = {isa = PBXFileReference; lastKnownFileType = folder.assetcatalog; path = Assets.xcassets; sourceTree = "<group>"; };
		32BBAA952A45824000317471 /* Base */ = {isa = PBXFileReference; lastKnownFileType = file.storyboard; name = Base; path = Base.lproj/LaunchScreen.storyboard; sourceTree = "<group>"; };
		32BBAA972A45824000317471 /* Info.plist */ = {isa = PBXFileReference; lastKnownFileType = text.plist.xml; path = Info.plist; sourceTree = "<group>"; };
		32BBAA9D2A45831B00317471 /* ChildrenData+CoreDataClass.swift */ = {isa = PBXFileReference; lastKnownFileType = sourcecode.swift; path = "ChildrenData+CoreDataClass.swift"; sourceTree = "<group>"; };
		32BBAA9E2A45831B00317471 /* ChildrenData+CoreDataProperties.swift */ = {isa = PBXFileReference; lastKnownFileType = sourcecode.swift; path = "ChildrenData+CoreDataProperties.swift"; sourceTree = "<group>"; };
/* End PBXFileReference section */

/* Begin PBXFrameworksBuildPhase section */
		32BBAA802A45823D00317471 /* Frameworks */ = {
			isa = PBXFrameworksBuildPhase;
			buildActionMask = 2147483647;
			files = (
			);
			runOnlyForDeploymentPostprocessing = 0;
		};
/* End PBXFrameworksBuildPhase section */

/* Begin PBXGroup section */
		32BBAA7A2A45823D00317471 = {
			isa = PBXGroup;
			children = (
				32BBAA852A45823D00317471 /* CoreData Save And Retrieve */,
				32BBAA842A45823D00317471 /* Products */,
			);
			sourceTree = "<group>";
		};
		32BBAA842A45823D00317471 /* Products */ = {
			isa = PBXGroup;
			children = (
				32BBAA832A45823D00317471 /* CoreData Save And Retrieve.app */,
			);
			name = Products;
			sourceTree = "<group>";
		};
		32BBAA852A45823D00317471 /* CoreData Save And Retrieve */ = {
			isa = PBXGroup;
			children = (
				32BBAA9D2A45831B00317471 /* ChildrenData+CoreDataClass.swift */,
				32BBAA9E2A45831B00317471 /* ChildrenData+CoreDataProperties.swift */,
				32BBAA862A45823D00317471 /* AppDelegate.swift */,
				32BBAA882A45823D00317471 /* SceneDelegate.swift */,
				32BBAA8A2A45823D00317471 /* ViewController.swift */,
				32BBAA8C2A45823D00317471 /* Main.storyboard */,
				32BBAA922A45824000317471 /* Assets.xcassets */,
				32BBAA942A45824000317471 /* LaunchScreen.storyboard */,
				32BBAA972A45824000317471 /* Info.plist */,
				32BBAA8F2A45823D00317471 /* CoreData_Save_And_Retrieve.xcdatamodeld */,
			);
			path = "CoreData Save And Retrieve";
			sourceTree = "<group>";
		};
/* End PBXGroup section */

/* Begin PBXNativeTarget section */
		32BBAA822A45823D00317471 /* CoreData Save And Retrieve */ = {
			isa = PBXNativeTarget;
			buildConfigurationList = 32BBAA9A2A45824000317471 /* Build configuration list for PBXNativeTarget "CoreData Save And Retrieve" */;
			buildPhases = (
				32BBAA7F2A45823D00317471 /* Sources */,
				32BBAA802A45823D00317471 /* Frameworks */,
				32BBAA812A45823D00317471 /* Resources */,
			);
			buildRules = (
			);
			dependencies = (
			);
			name = "CoreData Save And Retrieve";
			productName = "CoreData Save And Retrieve";
			productReference = 32BBAA832A45823D00317471 /* CoreData Save And Retrieve.app */;
			productType = "com.apple.product-type.application";
		};
/* End PBXNativeTarget section */

/* Begin PBXProject section */
		32BBAA7B2A45823D00317471 /* Project object */ = {
			isa = PBXProject;
			attributes = {
				BuildIndependentTargetsInParallel = 1;
				LastSwiftUpdateCheck = 1420;
				LastUpgradeCheck = 1420;
				TargetAttributes = {
					32BBAA822A45823D00317471 = {
						CreatedOnToolsVersion = 14.2;
					};
				};
			};
			buildConfigurationList = 32BBAA7E2A45823D00317471 /* Build configuration list for PBXProject "CoreData Save And Retrieve" */;
			compatibilityVersion = "Xcode 14.0";
			developmentRegion = en;
			hasScannedForEncodings = 0;
			knownRegions = (
				en,
				Base,
			);
			mainGroup = 32BBAA7A2A45823D00317471;
			productRefGroup = 32BBAA842A45823D00317471 /* Products */;
			projectDirPath = "";
			projectRoot = "";
			targets = (
				32BBAA822A45823D00317471 /* CoreData Save And Retrieve */,
			);
		};
/* End PBXProject section */

/* Begin PBXResourcesBuildPhase section */
		32BBAA812A45823D00317471 /* Resources */ = {
			isa = PBXResourcesBuildPhase;
			buildActionMask = 2147483647;
			files = (
				32BBAA962A45824000317471 /* LaunchScreen.storyboard in Resources */,
				32BBAA932A45824000317471 /* Assets.xcassets in Resources */,
				32BBAA8E2A45823D00317471 /* Main.storyboard in Resources */,
			);
			runOnlyForDeploymentPostprocessing = 0;
		};
/* End PBXResourcesBuildPhase section */

/* Begin PBXSourcesBuildPhase section */
		32BBAA7F2A45823D00317471 /* Sources */ = {
			isa = PBXSourcesBuildPhase;
			buildActionMask = 2147483647;
			files = (
				32BBAAA02A45831B00317471 /* ChildrenData+CoreDataProperties.swift in Sources */,
				32BBAA8B2A45823D00317471 /* ViewController.swift in Sources */,
				32BBAA9F2A45831B00317471 /* ChildrenData+CoreDataClass.swift in Sources */,
				32BBAA872A45823D00317471 /* AppDelegate.swift in Sources */,
				32BBAA892A45823D00317471 /* SceneDelegate.swift in Sources */,
				32BBAA912A45823D00317471 /* CoreData_Save_And_Retrieve.xcdatamodeld in Sources */,
			);
			runOnlyForDeploymentPostprocessing = 0;
		};
/* End PBXSourcesBuildPhase section */

/* Begin PBXVariantGroup section */
		32BBAA8C2A45823D00317471 /* Main.storyboard */ = {
			isa = PBXVariantGroup;
			children = (
				32BBAA8D2A45823D00317471 /* Base */,
			);
			name = Main.storyboard;
			sourceTree = "<group>";
		};
		32BBAA942A45824000317471 /* LaunchScreen.storyboard */ = {
			isa = PBXVariantGroup;
			children = (
				32BBAA952A45824000317471 /* Base */,
			);
			name = LaunchScreen.storyboard;
			sourceTree = "<group>";
		};
/* End PBXVariantGroup section */

/* Begin XCBuildConfiguration section */
		32BBAA982A45824000317471 /* Debug */ = {
			isa = XCBuildConfiguration;
			buildSettings = {
				ALWAYS_SEARCH_USER_PATHS = NO;
				CLANG_ANALYZER_NONNULL = YES;
				CLANG_ANALYZER_NUMBER_OBJECT_CONVERSION = YES_AGGRESSIVE;
				CLANG_CXX_LANGUAGE_STANDARD = "gnu++20";
				CLANG_ENABLE_MODULES = YES;
				CLANG_ENABLE_OBJC_ARC = YES;
				CLANG_ENABLE_OBJC_WEAK = YES;
				CLANG_WARN_BLOCK_CAPTURE_AUTORELEASING = YES;
				CLANG_WARN_BOOL_CONVERSION = YES;
				CLANG_WARN_COMMA = YES;
				CLANG_WARN_CONSTANT_CONVERSION = YES;
				CLANG_WARN_DEPRECATED_OBJC_IMPLEMENTATIONS = YES;
				CLANG_WARN_DIRECT_OBJC_ISA_USAGE = YES_ERROR;
				CLANG_WARN_DOCUMENTATION_COMMENTS = YES;
				CLANG_WARN_EMPTY_BODY = YES;
				CLANG_WARN_ENUM_CONVERSION = YES;
				CLANG_WARN_INFINITE_RECURSION = YES;
				CLANG_WARN_INT_CONVERSION = YES;
				CLANG_WARN_NON_LITERAL_NULL_CONVERSION = YES;
				CLANG_WARN_OBJC_IMPLICIT_RETAIN_SELF = YES;
				CLANG_WARN_OBJC_LITERAL_CONVERSION = YES;
				CLANG_WARN_OBJC_ROOT_CLASS = YES_ERROR;
				CLANG_WARN_QUOTED_INCLUDE_IN_FRAMEWORK_HEADER = YES;
				CLANG_WARN_RANGE_LOOP_ANALYSIS = YES;
				CLANG_WARN_STRICT_PROTOTYPES = YES;
				CLANG_WARN_SUSPICIOUS_MOVE = YES;
				CLANG_WARN_UNGUARDED_AVAILABILITY = YES_AGGRESSIVE;
				CLANG_WARN_UNREACHABLE_CODE = YES;
				CLANG_WARN__DUPLICATE_METHOD_MATCH = YES;
				COPY_PHASE_STRIP = NO;
				DEBUG_INFORMATION_FORMAT = dwarf;
				ENABLE_STRICT_OBJC_MSGSEND = YES;
				ENABLE_TESTABILITY = YES;
				GCC_C_LANGUAGE_STANDARD = gnu11;
				GCC_DYNAMIC_NO_PIC = NO;
				GCC_NO_COMMON_BLOCKS = YES;
				GCC_OPTIMIZATION_LEVEL = 0;
				GCC_PREPROCESSOR_DEFINITIONS = (
					"DEBUG=1",
					"$(inherited)",
				);
				GCC_WARN_64_TO_32_BIT_CONVERSION = YES;
				GCC_WARN_ABOUT_RETURN_TYPE = YES_ERROR;
				GCC_WARN_UNDECLARED_SELECTOR = YES;
				GCC_WARN_UNINITIALIZED_AUTOS = YES_AGGRESSIVE;
				GCC_WARN_UNUSED_FUNCTION = YES;
				GCC_WARN_UNUSED_VARIABLE = YES;
				IPHONEOS_DEPLOYMENT_TARGET = 16.2;
				MTL_ENABLE_DEBUG_INFO = INCLUDE_SOURCE;
				MTL_FAST_MATH = YES;
				ONLY_ACTIVE_ARCH = YES;
				SDKROOT = iphoneos;
				SWIFT_ACTIVE_COMPILATION_CONDITIONS = DEBUG;
				SWIFT_OPTIMIZATION_LEVEL = "-Onone";
			};
			name = Debug;
		};
		32BBAA992A45824000317471 /* Release */ = {
			isa = XCBuildConfiguration;
			buildSettings = {
				ALWAYS_SEARCH_USER_PATHS = NO;
				CLANG_ANALYZER_NONNULL = YES;
				CLANG_ANALYZER_NUMBER_OBJECT_CONVERSION = YES_AGGRESSIVE;
				CLANG_CXX_LANGUAGE_STANDARD = "gnu++20";
				CLANG_ENABLE_MODULES = YES;
				CLANG_ENABLE_OBJC_ARC = YES;
				CLANG_ENABLE_OBJC_WEAK = YES;
				CLANG_WARN_BLOCK_CAPTURE_AUTORELEASING = YES;
				CLANG_WARN_BOOL_CONVERSION = YES;
				CLANG_WARN_COMMA = YES;
				CLANG_WARN_CONSTANT_CONVERSION = YES;
				CLANG_WARN_DEPRECATED_OBJC_IMPLEMENTATIONS = YES;
				CLANG_WARN_DIRECT_OBJC_ISA_USAGE = YES_ERROR;
				CLANG_WARN_DOCUMENTATION_COMMENTS = YES;
				CLANG_WARN_EMPTY_BODY = YES;
				CLANG_WARN_ENUM_CONVERSION = YES;
				CLANG_WARN_INFINITE_RECURSION = YES;
				CLANG_WARN_INT_CONVERSION = YES;
				CLANG_WARN_NON_LITERAL_NULL_CONVERSION = YES;
				CLANG_WARN_OBJC_IMPLICIT_RETAIN_SELF = YES;
				CLANG_WARN_OBJC_LITERAL_CONVERSION = YES;
				CLANG_WARN_OBJC_ROOT_CLASS = YES_ERROR;
				CLANG_WARN_QUOTED_INCLUDE_IN_FRAMEWORK_HEADER = YES;
				CLANG_WARN_RANGE_LOOP_ANALYSIS = YES;
				CLANG_WARN_STRICT_PROTOTYPES = YES;
				CLANG_WARN_SUSPICIOUS_MOVE = YES;
				CLANG_WARN_UNGUARDED_AVAILABILITY = YES_AGGRESSIVE;
				CLANG_WARN_UNREACHABLE_CODE = YES;
				CLANG_WARN__DUPLICATE_METHOD_MATCH = YES;
				COPY_PHASE_STRIP = NO;
				DEBUG_INFORMATION_FORMAT = "dwarf-with-dsym";
				ENABLE_NS_ASSERTIONS = NO;
				ENABLE_STRICT_OBJC_MSGSEND = YES;
				GCC_C_LANGUAGE_STANDARD = gnu11;
				GCC_NO_COMMON_BLOCKS = YES;
				GCC_WARN_64_TO_32_BIT_CONVERSION = YES;
				GCC_WARN_ABOUT_RETURN_TYPE = YES_ERROR;
				GCC_WARN_UNDECLARED_SELECTOR = YES;
				GCC_WARN_UNINITIALIZED_AUTOS = YES_AGGRESSIVE;
				GCC_WARN_UNUSED_FUNCTION = YES;
				GCC_WARN_UNUSED_VARIABLE = YES;
				IPHONEOS_DEPLOYMENT_TARGET = 16.2;
				MTL_ENABLE_DEBUG_INFO = NO;
				MTL_FAST_MATH = YES;
				SDKROOT = iphoneos;
				SWIFT_COMPILATION_MODE = wholemodule;
				SWIFT_OPTIMIZATION_LEVEL = "-O";
				VALIDATE_PRODUCT = YES;
			};
			name = Release;
		};
		32BBAA9B2A45824000317471 /* Debug */ = {
			isa = XCBuildConfiguration;
			buildSettings = {
				ASSETCATALOG_COMPILER_APPICON_NAME = AppIcon;
				ASSETCATALOG_COMPILER_GLOBAL_ACCENT_COLOR_NAME = AccentColor;
				CODE_SIGN_STYLE = Automatic;
				CURRENT_PROJECT_VERSION = 1;
				GENERATE_INFOPLIST_FILE = YES;
				INFOPLIST_FILE = "CoreData Save And Retrieve/Info.plist";
				INFOPLIST_KEY_UIApplicationSupportsIndirectInputEvents = YES;
				INFOPLIST_KEY_UILaunchStoryboardName = LaunchScreen;
				INFOPLIST_KEY_UIMainStoryboardFile = Main;
				INFOPLIST_KEY_UISupportedInterfaceOrientations_iPad = "UIInterfaceOrientationPortrait UIInterfaceOrientationPortraitUpsideDown UIInterfaceOrientationLandscapeLeft UIInterfaceOrientationLandscapeRight";
				INFOPLIST_KEY_UISupportedInterfaceOrientations_iPhone = "UIInterfaceOrientationPortrait UIInterfaceOrientationLandscapeLeft UIInterfaceOrientationLandscapeRight";
				LD_RUNPATH_SEARCH_PATHS = (
					"$(inherited)",
					"@executable_path/Frameworks",
				);
				MARKETING_VERSION = 1.0;
				PRODUCT_BUNDLE_IDENTIFIER = "sai.CoreData-Save-And-Retrieve";
				PRODUCT_NAME = "$(TARGET_NAME)";
				SWIFT_EMIT_LOC_STRINGS = YES;
				SWIFT_VERSION = 5.0;
				TARGETED_DEVICE_FAMILY = "1,2";
			};
			name = Debug;
		};
		32BBAA9C2A45824000317471 /* Release */ = {
			isa = XCBuildConfiguration;
			buildSettings = {
				ASSETCATALOG_COMPILER_APPICON_NAME = AppIcon;
				ASSETCATALOG_COMPILER_GLOBAL_ACCENT_COLOR_NAME = AccentColor;
				CODE_SIGN_STYLE = Automatic;
				CURRENT_PROJECT_VERSION = 1;
				GENERATE_INFOPLIST_FILE = YES;
				INFOPLIST_FILE = "CoreData Save And Retrieve/Info.plist";
				INFOPLIST_KEY_UIApplicationSupportsIndirectInputEvents = YES;
				INFOPLIST_KEY_UILaunchStoryboardName = LaunchScreen;
				INFOPLIST_KEY_UIMainStoryboardFile = Main;
				INFOPLIST_KEY_UISupportedInterfaceOrientations_iPad = "UIInterfaceOrientationPortrait UIInterfaceOrientationPortraitUpsideDown UIInterfaceOrientationLandscapeLeft UIInterfaceOrientationLandscapeRight";
				INFOPLIST_KEY_UISupportedInterfaceOrientations_iPhone = "UIInterfaceOrientationPortrait UIInterfaceOrientationLandscapeLeft UIInterfaceOrientationLandscapeRight";
				LD_RUNPATH_SEARCH_PATHS = (
					"$(inherited)",
					"@executable_path/Frameworks",
				);
				MARKETING_VERSION = 1.0;
				PRODUCT_BUNDLE_IDENTIFIER = "sai.CoreData-Save-And-Retrieve";
				PRODUCT_NAME = "$(TARGET_NAME)";
				SWIFT_EMIT_LOC_STRINGS = YES;
				SWIFT_VERSION = 5.0;
				TARGETED_DEVICE_FAMILY = "1,2";
			};
			name = Release;
		};
/* End XCBuildConfiguration section */

/* Begin XCConfigurationList section */
		32BBAA7E2A45823D00317471 /* Build configuration list for PBXProject "CoreData Save And Retrieve" */ = {
			isa = XCConfigurationList;
			buildConfigurations = (
				32BBAA982A45824000317471 /* Debug */,
				32BBAA992A45824000317471 /* Release */,
			);
			defaultConfigurationIsVisible = 0;
			defaultConfigurationName = Release;
		};
		32BBAA9A2A45824000317471 /* Build configuration list for PBXNativeTarget "CoreData Save And Retrieve" */ = {
			isa = XCConfigurationList;
			buildConfigurations = (
				32BBAA9B2A45824000317471 /* Debug */,
				32BBAA9C2A45824000317471 /* Release */,
			);
			defaultConfigurationIsVisible = 0;
			defaultConfigurationName = Release;
		};
/* End XCConfigurationList section */

/* Begin XCVersionGroup section */
		32BBAA8F2A45823D00317471 /* CoreData_Save_And_Retrieve.xcdatamodeld */ = {
			isa = XCVersionGroup;
			children = (
				32BBAA902A45823D00317471 /* CoreData_Save_And_Retrieve.xcdatamodel */,
			);
			currentVersion = 32BBAA902A45823D00317471 /* CoreData_Save_And_Retrieve.xcdatamodel */;
			path = CoreData_Save_And_Retrieve.xcdatamodeld;
			sourceTree = "<group>";
			versionGroupType = wrapper.xcdatamodel;
		};
/* End XCVersionGroup section */
	};
	rootObject = 32BBAA7B2A45823D00317471 /* Project object */;
}
